
Microsoft Visual Studio Solution File, Format Version 12.00
# Visual Studio Version 17
VisualStudioVersion = 17.2.32516.85
MinimumVisualStudioVersion = 10.0.40219.1
Project("{FAE04EC0-301F-11D3-BF4B-00C04F79EFBC}") = "API", "API\API.csproj", "{C65575EA-7FB3-4058-9416-0E686621E2F9}"
EndProject
Global
	GlobalSection(SolutionConfigurationPlatforms) = preSolution
		Debug|Any CPU = Debug|Any CPU
		Release|Any CPU = Release|Any CPU
	EndGlobalSection
	GlobalSection(ProjectConfigurationPlatforms) = postSolution
		{C65575EA-7FB3-4058-9416-0E686621E2F9}.Debug|Any CPU.ActiveCfg = Debug|Any CPU
		{C65575EA-7FB3-4058-9416-0E686621E2F9}.Debug|Any CPU.Build.0 = Debug|Any CPU
		{C65575EA-7FB3-4058-9416-0E686621E2F9}.Release|Any CPU.ActiveCfg = Release|Any CPU
		{C65575EA-7FB3-4058-9416-0E686621E2F9}.Release|Any CPU.Build.0 = Release|Any CPU
	EndGlobalSection
	GlobalSection(SolutionProperties) = preSolution
		HideSolutionNode = FALSE
	EndGlobalSection
	GlobalSection(ExtensibilityGlobals) = postSolution
		SolutionGuid = {442A5201-D27E-489B-83D0-9A26C7F10484}
	EndGlobalSection
EndGlobal
